// !$*UTF8*$!
{
	archiveVersion = 1;
	classes = {
	};
	objectVersion = 46;
	objects = {

/* Begin PBXBuildFile section */
		2034389C1D74990900EB5312 /* main.m in Sources */ = {isa = PBXBuildFile; fileRef = 2034389B1D74990900EB5312 /* main.m */; };
/* End PBXBuildFile section */

/* Begin PBXCopyFilesBuildPhase section */
		203438961D74990900EB5312 /* CopyFiles */ = {
			isa = PBXCopyFilesBuildPhase;
			buildActionMask = 2147483647;
			dstPath = /usr/share/man/man1/;
			dstSubfolderSpec = 0;
			files = (
			);
			runOnlyForDeploymentPostprocessing = 1;
		};
/* End PBXCopyFilesBuildPhase section */

/* Begin PBXFileReference section */
		203438981D74990900EB5312 /* ObjectC快速入门教程(3)---数组和字典 */ = {isa = PBXFileReference; explicitFileType = "compiled.mach-o.executable"; includeInIndex = 0; path = "ObjectC快速入门教程(3)---数组和字典"; sourceTree = BUILT_PRODUCTS_DIR; };
		2034389B1D74990900EB5312 /* main.m */ = {isa = PBXFileReference; lastKnownFileType = sourcecode.c.objc; path = main.m; sourceTree = "<group>"; };
/* End PBXFileReference section */

/* Begin PBXFrameworksBuildPhase section */
		203438951D74990900EB5312 /* Frameworks */ = {
			isa = PBXFrameworksBuildPhase;
			buildActionMask = 2147483647;
			files = (
			);
			runOnlyForDeploymentPostprocessing = 0;
		};
/* End PBXFrameworksBuildPhase section */

/* Begin PBXGroup section */
		2034388F1D74990900EB5312 = {
			isa = PBXGroup;
			children = (
				2034389A1D74990900EB5312 /* ObjectC快速入门教程(3)---数组和字典 */,
				203438991D74990900EB5312 /* Products */,
			);
			sourceTree = "<group>";
		};
		203438991D74990900EB5312 /* Products */ = {
			isa = PBXGroup;
			children = (
				203438981D74990900EB5312 /* ObjectC快速入门教程(3)---数组和字典 */,
			);
			name = Products;
			sourceTree = "<group>";
		};
		2034389A1D74990900EB5312 /* ObjectC快速入门教程(3)---数组和字典 */ = {
			isa = PBXGroup;
			children = (
				2034389B1D74990900EB5312 /* main.m */,
			);
			path = "ObjectC快速入门教程(3)---数组和字典";
			sourceTree = "<group>";
		};
/* End PBXGroup section */

/* Begin PBXNativeTarget section */
		203438971D74990900EB5312 /* ObjectC快速入门教程(3)---数组和字典 */ = {
			isa = PBXNativeTarget;
			buildConfigurationList = 2034389F1D74990900EB5312 /* Build configuration list for PBXNativeTarget "ObjectC快速入门教程(3)---数组和字典" */;
			buildPhases = (
				203438941D74990900EB5312 /* Sources */,
				203438951D74990900EB5312 /* Frameworks */,
				203438961D74990900EB5312 /* CopyFiles */,
			);
			buildRules = (
			);
			dependencies = (
			);
			name = "ObjectC快速入门教程(3)---数组和字典";
			productName = "ObjectC快速入门教程(3)---数组和字典";
			productReference = 203438981D74990900EB5312 /* ObjectC快速入门教程(3)---数组和字典 */;
			productType = "com.apple.product-type.tool";
		};
/* End PBXNativeTarget section */

/* Begin PBXProject section */
		203438901D74990900EB5312 /* Project object */ = {
			isa = PBXProject;
			attributes = {
				LastUpgradeCheck = 0730;
				ORGANIZATIONNAME = yanzi;
				TargetAttributes = {
					203438971D74990900EB5312 = {
						CreatedOnToolsVersion = 7.3.1;
					};
				};
			};
			buildConfigurationList = 203438931D74990900EB5312 /* Build configuration list for PBXProject "ObjectC快速入门教程(3)---数组和字典" */;
			compatibilityVersion = "Xcode 3.2";
			developmentRegion = English;
			hasScannedForEncodings = 0;
			knownRegions = (
				en,
			);
			mainGroup = 2034388F1D74990900EB5312;
			productRefGroup = 203438991D74990900EB5312 /* Products */;
			projectDirPath = "";
			projectRoot = "";
			targets = (
				203438971D74990900EB5312 /* ObjectC快速入门教程(3)---数组和字典 */,
			);
		};
/* End PBXProject section */

/* Begin PBXSourcesBuildPhase section */
		203438941D74990900EB5312 /* Sources */ = {
			isa = PBXSourcesBuildPhase;
			buildActionMask = 2147483647;
			files = (
				2034389C1D74990900EB5312 /* main.m in Sources */,
			);
			runOnlyForDeploymentPostprocessing = 0;
		};
/* End PBXSourcesBuildPhase section */

/* Begin XCBuildConfiguration section */
		2034389D1D74990900EB5312 /* Debug */ = {
			isa = XCBuildConfiguration;
			buildSettings = {
				ALWAYS_SEARCH_USER_PATHS = NO;
				CLANG_ANALYZER_NONNULL = YES;
				CLANG_CXX_LANGUAGE_STANDARD = "gnu++0x";
				CLANG_CXX_LIBRARY = "libc++";
				CLANG_ENABLE_MODULES = YES;
				CLANG_ENABLE_OBJC_ARC = YES;
				CLANG_WARN_BOOL_CONVERSION = YES;
				CLANG_WARN_CONSTANT_CONVERSION = YES;
				CLANG_WARN_DIRECT_OBJC_ISA_USAGE = YES_ERROR;
				CLANG_WARN_EMPTY_BODY = YES;
				CLANG_WARN_ENUM_CONVERSION = YES;
				CLANG_WARN_INT_CONVERSION = YES;
				CLANG_WARN_OBJC_ROOT_CLASS = YES_ERROR;
				CLANG_WARN_UNREACHABLE_CODE = YES;
				CLANG_WARN__DUPLICATE_METHOD_MATCH = YES;
				CODE_SIGN_IDENTITY = "-";
				COPY_PHASE_STRIP = NO;
				DEBUG_INFORMATION_FORMAT = dwarf;
				ENABLE_STRICT_OBJC_MSGSEND = YES;
				ENABLE_TESTABILITY = YES;
				GCC_C_LANGUAGE_STANDARD = gnu99;
				GCC_DYNAMIC_NO_PIC = NO;
				GCC_NO_COMMON_BLOCKS = YES;
				GCC_OPTIMIZATION_LEVEL = 0;
				GCC_PREPROCESSOR_DEFINITIONS = (
					"DEBUG=1",
					"$(inherited)",
				);
				GCC_WARN_64_TO_32_BIT_CONVERSION = YES;
				GCC_WARN_ABOUT_RETURN_TYPE = YES_ERROR;
				GCC_WARN_UNDECLARED_SELECTOR = YES;
				GCC_WARN_UNINITIALIZED_AUTOS = YES_AGGRESSIVE;
				GCC_WARN_UNUSED_FUNCTION = YES;
				GCC_WARN_UNUSED_VARIABLE = YES;
				MACOSX_DEPLOYMENT_TARGET = 10.11;
				MTL_ENABLE_DEBUG_INFO = YES;
				ONLY_ACTIVE_ARCH = YES;
				SDKROOT = macosx;
			};
			name = Debug;
		};
		2034389E1D74990900EB5312 /* Release */ = {
			isa = XCBuildConfiguration;
			buildSettings = {
				ALWAYS_SEARCH_USER_PATHS = NO;
				CLANG_ANALYZER_NONNULL = YES;
				CLANG_CXX_LANGUAGE_STANDARD = "gnu++0x";
				CLANG_CXX_LIBRARY = "libc++";
				CLANG_ENABLE_MODULES = YES;
				CLANG_ENABLE_OBJC_ARC = YES;
				CLANG_WARN_BOOL_CONVERSION = YES;
				CLANG_WARN_CONSTANT_CONVERSION = YES;
				CLANG_WARN_DIRECT_OBJC_ISA_USAGE = YES_ERROR;
				CLANG_WARN_EMPTY_BODY = YES;
				CLANG_WARN_ENUM_CONVERSION = YES;
				CLANG_WARN_INT_CONVERSION = YES;
				CLANG_WARN_OBJC_ROOT_CLASS = YES_ERROR;
				CLANG_WARN_UNREACHABLE_CODE = YES;
				CLANG_WARN__DUPLICATE_METHOD_MATCH = YES;
				CODE_SIGN_IDENTITY = "-";
				COPY_PHASE_STRIP = NO;
				DEBUG_INFORMATION_FORMAT = "dwarf-with-dsym";
				ENABLE_NS_ASSERTIONS = NO;
				ENABLE_STRICT_OBJC_MSGSEND = YES;
				GCC_C_LANGUAGE_STANDARD = gnu99;
				GCC_NO_COMMON_BLOCKS = YES;
				GCC_WARN_64_TO_32_BIT_CONVERSION = YES;
				GCC_WARN_ABOUT_RETURN_TYPE = YES_ERROR;
				GCC_WARN_UNDECLARED_SELECTOR = YES;
				GCC_WARN_UNINITIALIZED_AUTOS = YES_AGGRESSIVE;
				GCC_WARN_UNUSED_FUNCTION = YES;
				GCC_WARN_UNUSED_VARIABLE = YES;
				MACOSX_DEPLOYMENT_TARGET = 10.11;
				MTL_ENABLE_DEBUG_INFO = NO;
				SDKROOT = macosx;
			};
			name = Release;
		};
		203438A01D74990900EB5312 /* Debug */ = {
			isa = XCBuildConfiguration;
			buildSettings = {
				PRODUCT_NAME = "$(TARGET_NAME)";
			};
			name = Debug;
		};
		203438A11D74990900EB5312 /* Release */ = {
			isa = XCBuildConfiguration;
			buildSettings = {
				PRODUCT_NAME = "$(TARGET_NAME)";
			};
			name = Release;
		};
/* End XCBuildConfiguration section */

/* Begin XCConfigurationList section */
		203438931D74990900EB5312 /* Build configuration list for PBXProject "ObjectC快速入门教程(3)---数组和字典" */ = {
			isa = XCConfigurationList;
			buildConfigurations = (
				2034389D1D74990900EB5312 /* Debug */,
				2034389E1D74990900EB5312 /* Release */,
			);
			defaultConfigurationIsVisible = 0;
			defaultConfigurationName = Release;
		};
		2034389F1D74990900EB5312 /* Build configuration list for PBXNativeTarget "ObjectC快速入门教程(3)---数组和字典" */ = {
			isa = XCConfigurationList;
			buildConfigurations = (
				203438A01D74990900EB5312 /* Debug */,
				203438A11D74990900EB5312 /* Release */,
			);
			defaultConfigurationIsVisible = 0;
		};
/* End XCConfigurationList section */
	};
	rootObject = 203438901D74990900EB5312 /* Project object */;
}
