// !$*UTF8*$!
{
	archiveVersion = 1;
	classes = {
	};
	objectVersion = 46;
	objects = {

/* Begin PBXBuildFile section */
		204B056E1D607490009BD8F2 /* main.m in Sources */ = {isa = PBXBuildFile; fileRef = 204B056D1D607490009BD8F2 /* main.m */; };
		204B05761D60757C009BD8F2 /* Person.m in Sources */ = {isa = PBXBuildFile; fileRef = 204B05751D60757C009BD8F2 /* Person.m */; };
		20F9A1101D608E4700FE8E5D /* Fraction.m in Sources */ = {isa = PBXBuildFile; fileRef = 20F9A10F1D608E4700FE8E5D /* Fraction.m */; };
/* End PBXBuildFile section */

/* Begin PBXCopyFilesBuildPhase section */
		204B05681D607490009BD8F2 /* CopyFiles */ = {
			isa = PBXCopyFilesBuildPhase;
			buildActionMask = 2147483647;
			dstPath = /usr/share/man/man1/;
			dstSubfolderSpec = 0;
			files = (
			);
			runOnlyForDeploymentPostprocessing = 1;
		};
/* End PBXCopyFilesBuildPhase section */

/* Begin PBXFileReference section */
		204B056A1D607490009BD8F2 /* ObjectC Class学习 */ = {isa = PBXFileReference; explicitFileType = "compiled.mach-o.executable"; includeInIndex = 0; path = "ObjectC Class学习"; sourceTree = BUILT_PRODUCTS_DIR; };
		204B056D1D607490009BD8F2 /* main.m */ = {isa = PBXFileReference; lastKnownFileType = sourcecode.c.objc; path = main.m; sourceTree = "<group>"; };
		204B05741D60757C009BD8F2 /* Person.h */ = {isa = PBXFileReference; fileEncoding = 4; lastKnownFileType = sourcecode.c.h; path = Person.h; sourceTree = "<group>"; };
		204B05751D60757C009BD8F2 /* Person.m */ = {isa = PBXFileReference; fileEncoding = 4; lastKnownFileType = sourcecode.c.objc; path = Person.m; sourceTree = "<group>"; };
		20F9A10E1D608E4700FE8E5D /* Fraction.h */ = {isa = PBXFileReference; fileEncoding = 4; lastKnownFileType = sourcecode.c.h; path = Fraction.h; sourceTree = "<group>"; };
		20F9A10F1D608E4700FE8E5D /* Fraction.m */ = {isa = PBXFileReference; fileEncoding = 4; lastKnownFileType = sourcecode.c.objc; path = Fraction.m; sourceTree = "<group>"; };
/* End PBXFileReference section */

/* Begin PBXFrameworksBuildPhase section */
		204B05671D607490009BD8F2 /* Frameworks */ = {
			isa = PBXFrameworksBuildPhase;
			buildActionMask = 2147483647;
			files = (
			);
			runOnlyForDeploymentPostprocessing = 0;
		};
/* End PBXFrameworksBuildPhase section */

/* Begin PBXGroup section */
		204B05611D607490009BD8F2 = {
			isa = PBXGroup;
			children = (
				20F9A10E1D608E4700FE8E5D /* Fraction.h */,
				20F9A10F1D608E4700FE8E5D /* Fraction.m */,
				204B05741D60757C009BD8F2 /* Person.h */,
				204B05751D60757C009BD8F2 /* Person.m */,
				204B056C1D607490009BD8F2 /* ObjectC Class学习 */,
				204B056B1D607490009BD8F2 /* Products */,
			);
			sourceTree = "<group>";
		};
		204B056B1D607490009BD8F2 /* Products */ = {
			isa = PBXGroup;
			children = (
				204B056A1D607490009BD8F2 /* ObjectC Class学习 */,
			);
			name = Products;
			sourceTree = "<group>";
		};
		204B056C1D607490009BD8F2 /* ObjectC Class学习 */ = {
			isa = PBXGroup;
			children = (
				204B056D1D607490009BD8F2 /* main.m */,
			);
			path = "ObjectC Class学习";
			sourceTree = "<group>";
		};
/* End PBXGroup section */

/* Begin PBXNativeTarget section */
		204B05691D607490009BD8F2 /* ObjectC Class学习 */ = {
			isa = PBXNativeTarget;
			buildConfigurationList = 204B05711D607490009BD8F2 /* Build configuration list for PBXNativeTarget "ObjectC Class学习" */;
			buildPhases = (
				204B05661D607490009BD8F2 /* Sources */,
				204B05671D607490009BD8F2 /* Frameworks */,
				204B05681D607490009BD8F2 /* CopyFiles */,
			);
			buildRules = (
			);
			dependencies = (
			);
			name = "ObjectC Class学习";
			productName = "ObjectC Class学习";
			productReference = 204B056A1D607490009BD8F2 /* ObjectC Class学习 */;
			productType = "com.apple.product-type.tool";
		};
/* End PBXNativeTarget section */

/* Begin PBXProject section */
		204B05621D607490009BD8F2 /* Project object */ = {
			isa = PBXProject;
			attributes = {
				LastUpgradeCheck = 0730;
				ORGANIZATIONNAME = yanzi;
				TargetAttributes = {
					204B05691D607490009BD8F2 = {
						CreatedOnToolsVersion = 7.3.1;
					};
				};
			};
			buildConfigurationList = 204B05651D607490009BD8F2 /* Build configuration list for PBXProject "ObjectC Class学习" */;
			compatibilityVersion = "Xcode 3.2";
			developmentRegion = English;
			hasScannedForEncodings = 0;
			knownRegions = (
				en,
			);
			mainGroup = 204B05611D607490009BD8F2;
			productRefGroup = 204B056B1D607490009BD8F2 /* Products */;
			projectDirPath = "";
			projectRoot = "";
			targets = (
				204B05691D607490009BD8F2 /* ObjectC Class学习 */,
			);
		};
/* End PBXProject section */

/* Begin PBXSourcesBuildPhase section */
		204B05661D607490009BD8F2 /* Sources */ = {
			isa = PBXSourcesBuildPhase;
			buildActionMask = 2147483647;
			files = (
				204B05761D60757C009BD8F2 /* Person.m in Sources */,
				204B056E1D607490009BD8F2 /* main.m in Sources */,
				20F9A1101D608E4700FE8E5D /* Fraction.m in Sources */,
			);
			runOnlyForDeploymentPostprocessing = 0;
		};
/* End PBXSourcesBuildPhase section */

/* Begin XCBuildConfiguration section */
		204B056F1D607490009BD8F2 /* Debug */ = {
			isa = XCBuildConfiguration;
			buildSettings = {
				ALWAYS_SEARCH_USER_PATHS = NO;
				CLANG_ANALYZER_NONNULL = YES;
				CLANG_CXX_LANGUAGE_STANDARD = "gnu++0x";
				CLANG_CXX_LIBRARY = "libc++";
				CLANG_ENABLE_MODULES = YES;
				CLANG_ENABLE_OBJC_ARC = YES;
				CLANG_WARN_BOOL_CONVERSION = YES;
				CLANG_WARN_CONSTANT_CONVERSION = YES;
				CLANG_WARN_DIRECT_OBJC_ISA_USAGE = YES_ERROR;
				CLANG_WARN_EMPTY_BODY = YES;
				CLANG_WARN_ENUM_CONVERSION = YES;
				CLANG_WARN_INT_CONVERSION = YES;
				CLANG_WARN_OBJC_ROOT_CLASS = YES_ERROR;
				CLANG_WARN_UNREACHABLE_CODE = YES;
				CLANG_WARN__DUPLICATE_METHOD_MATCH = YES;
				CODE_SIGN_IDENTITY = "-";
				COPY_PHASE_STRIP = NO;
				DEBUG_INFORMATION_FORMAT = dwarf;
				ENABLE_STRICT_OBJC_MSGSEND = YES;
				ENABLE_TESTABILITY = YES;
				GCC_C_LANGUAGE_STANDARD = gnu99;
				GCC_DYNAMIC_NO_PIC = NO;
				GCC_NO_COMMON_BLOCKS = YES;
				GCC_OPTIMIZATION_LEVEL = 0;
				GCC_PREPROCESSOR_DEFINITIONS = (
					"DEBUG=1",
					"$(inherited)",
				);
				GCC_WARN_64_TO_32_BIT_CONVERSION = YES;
				GCC_WARN_ABOUT_RETURN_TYPE = YES_ERROR;
				GCC_WARN_UNDECLARED_SELECTOR = YES;
				GCC_WARN_UNINITIALIZED_AUTOS = YES_AGGRESSIVE;
				GCC_WARN_UNUSED_FUNCTION = YES;
				GCC_WARN_UNUSED_VARIABLE = YES;
				MACOSX_DEPLOYMENT_TARGET = 10.11;
				MTL_ENABLE_DEBUG_INFO = YES;
				ONLY_ACTIVE_ARCH = YES;
				SDKROOT = macosx;
			};
			name = Debug;
		};
		204B05701D607490009BD8F2 /* Release */ = {
			isa = XCBuildConfiguration;
			buildSettings = {
				ALWAYS_SEARCH_USER_PATHS = NO;
				CLANG_ANALYZER_NONNULL = YES;
				CLANG_CXX_LANGUAGE_STANDARD = "gnu++0x";
				CLANG_CXX_LIBRARY = "libc++";
				CLANG_ENABLE_MODULES = YES;
				CLANG_ENABLE_OBJC_ARC = YES;
				CLANG_WARN_BOOL_CONVERSION = YES;
				CLANG_WARN_CONSTANT_CONVERSION = YES;
				CLANG_WARN_DIRECT_OBJC_ISA_USAGE = YES_ERROR;
				CLANG_WARN_EMPTY_BODY = YES;
				CLANG_WARN_ENUM_CONVERSION = YES;
				CLANG_WARN_INT_CONVERSION = YES;
				CLANG_WARN_OBJC_ROOT_CLASS = YES_ERROR;
				CLANG_WARN_UNREACHABLE_CODE = YES;
				CLANG_WARN__DUPLICATE_METHOD_MATCH = YES;
				CODE_SIGN_IDENTITY = "-";
				COPY_PHASE_STRIP = NO;
				DEBUG_INFORMATION_FORMAT = "dwarf-with-dsym";
				ENABLE_NS_ASSERTIONS = NO;
				ENABLE_STRICT_OBJC_MSGSEND = YES;
				GCC_C_LANGUAGE_STANDARD = gnu99;
				GCC_NO_COMMON_BLOCKS = YES;
				GCC_WARN_64_TO_32_BIT_CONVERSION = YES;
				GCC_WARN_ABOUT_RETURN_TYPE = YES_ERROR;
				GCC_WARN_UNDECLARED_SELECTOR = YES;
				GCC_WARN_UNINITIALIZED_AUTOS = YES_AGGRESSIVE;
				GCC_WARN_UNUSED_FUNCTION = YES;
				GCC_WARN_UNUSED_VARIABLE = YES;
				MACOSX_DEPLOYMENT_TARGET = 10.11;
				MTL_ENABLE_DEBUG_INFO = NO;
				SDKROOT = macosx;
			};
			name = Release;
		};
		204B05721D607490009BD8F2 /* Debug */ = {
			isa = XCBuildConfiguration;
			buildSettings = {
				PRODUCT_NAME = "$(TARGET_NAME)";
			};
			name = Debug;
		};
		204B05731D607490009BD8F2 /* Release */ = {
			isa = XCBuildConfiguration;
			buildSettings = {
				PRODUCT_NAME = "$(TARGET_NAME)";
			};
			name = Release;
		};
/* End XCBuildConfiguration section */

/* Begin XCConfigurationList section */
		204B05651D607490009BD8F2 /* Build configuration list for PBXProject "ObjectC Class学习" */ = {
			isa = XCConfigurationList;
			buildConfigurations = (
				204B056F1D607490009BD8F2 /* Debug */,
				204B05701D607490009BD8F2 /* Release */,
			);
			defaultConfigurationIsVisible = 0;
			defaultConfigurationName = Release;
		};
		204B05711D607490009BD8F2 /* Build configuration list for PBXNativeTarget "ObjectC Class学习" */ = {
			isa = XCConfigurationList;
			buildConfigurations = (
				204B05721D607490009BD8F2 /* Debug */,
				204B05731D607490009BD8F2 /* Release */,
			);
			defaultConfigurationIsVisible = 0;
			defaultConfigurationName = Release;
		};
/* End XCConfigurationList section */
	};
	rootObject = 204B05621D607490009BD8F2 /* Project object */;
}
